
Microsoft Visual Studio Solution File, Format Version 12.00
# Visual Studio 14
VisualStudioVersion = 14.0.24720.0
MinimumVisualStudioVersion = 10.0.40219.1
Project("{FAE04EC0-301F-11D3-BF4B-00C04F79EFBC}") = "MasterYodaAPI.BusinessLogicLayer", "MasterYodaAPI.BusinessLogicLayer\MasterYodaAPI.BusinessLogicLayer.csproj", "{7025EE88-5EA1-4C9B-9B1C-F975D02B548D}"
EndProject
Project("{FAE04EC0-301F-11D3-BF4B-00C04F79EFBC}") = "MasterYodaAPI.ApplicationLayer", "MasterYodaAPI.ApplicationLayer\MasterYodaAPI.ApplicationLayer.csproj", "{B1AD49A8-AC65-435B-AAA7-ADA8B8BA0CBB}"
EndProject
Project("{FAE04EC0-301F-11D3-BF4B-00C04F79EFBC}") = "MasterYodaAPI.DataAdapterLayer", "MasterYodaAPI.DataAdapterLayer\MasterYodaAPI.DataAdapterLayer.csproj", "{2858BE03-492B-4852-B5B4-A178A993418E}"
EndProject
Global
	GlobalSection(SolutionConfigurationPlatforms) = preSolution
		Debug|Any CPU = Debug|Any CPU
		Release|Any CPU = Release|Any CPU
	EndGlobalSection
	GlobalSection(ProjectConfigurationPlatforms) = postSolution
		{7025EE88-5EA1-4C9B-9B1C-F975D02B548D}.Debug|Any CPU.ActiveCfg = Debug|Any CPU
		{7025EE88-5EA1-4C9B-9B1C-F975D02B548D}.Debug|Any CPU.Build.0 = Debug|Any CPU
		{7025EE88-5EA1-4C9B-9B1C-F975D02B548D}.Release|Any CPU.ActiveCfg = Release|Any CPU
		{7025EE88-5EA1-4C9B-9B1C-F975D02B548D}.Release|Any CPU.Build.0 = Release|Any CPU
		{B1AD49A8-AC65-435B-AAA7-ADA8B8BA0CBB}.Debug|Any CPU.ActiveCfg = Debug|Any CPU
		{B1AD49A8-AC65-435B-AAA7-ADA8B8BA0CBB}.Debug|Any CPU.Build.0 = Debug|Any CPU
		{B1AD49A8-AC65-435B-AAA7-ADA8B8BA0CBB}.Release|Any CPU.ActiveCfg = Release|Any CPU
		{B1AD49A8-AC65-435B-AAA7-ADA8B8BA0CBB}.Release|Any CPU.Build.0 = Release|Any CPU
		{2858BE03-492B-4852-B5B4-A178A993418E}.Debug|Any CPU.ActiveCfg = Debug|Any CPU
		{2858BE03-492B-4852-B5B4-A178A993418E}.Debug|Any CPU.Build.0 = Debug|Any CPU
		{2858BE03-492B-4852-B5B4-A178A993418E}.Release|Any CPU.ActiveCfg = Release|Any CPU
		{2858BE03-492B-4852-B5B4-A178A993418E}.Release|Any CPU.Build.0 = Release|Any CPU
	EndGlobalSection
	GlobalSection(SolutionProperties) = preSolution
		HideSolutionNode = FALSE
	EndGlobalSection
EndGlobal
